github.com/bmuller/arrow v1.0.3 h1:CdIOphUB+2VeCP92YieWSkiYzqfmFQwmyzf1iJ6Uf2Q=
github.com/bmuller/arrow v1.0.3/go.mod h1:+voQMVaya0tr8p3W33Qxj/dKOjZNCepW+k8JJvt91gk=
github.com/goodsign/monday v1.0.0 h1:Yyk/s/WgudMbAJN6UWSU5xAs8jtNewfqtVblAlw0yoc=
github.com/goodsign/monday v1.0.0/go.mod h1:r4T4breXpoFwspQNM+u2sLxJb2zyTaxVGqUfTBjWOu8=
github.com/klauspost/lctime v0.1.0 h1:nINsuFc860M9cyYhT6vfg6U1USh7kiVBj/s/2b04U70=
github.com/klauspost/lctime v0.1.0/go.mod h1:OwdMhr8tbQvusAsnilqkkgDQqivWlqyg0w5cfXkLiDk=
